
Microsoft Visual Studio Solution File, Format Version 12.00
# Visual Studio Version 17
VisualStudioVersion = 17.14.36414.22
MinimumVisualStudioVersion = 10.0.40219.1
Project("{FAE04EC0-301F-11D3-BF4B-00C04F79EFBC}") = "WPF_SQL_NET_Framework_2", "WPF_SQL_NET_Framework\WPF_SQL_NET_Framework_2.csproj", "{A8319596-733A-4EA4-80D0-1997D4420116}"
EndProject
Global
	GlobalSection(SolutionConfigurationPlatforms) = preSolution
		Debug|Any CPU = Debug|Any CPU
		Release|Any CPU = Release|Any CPU
	EndGlobalSection
	GlobalSection(ProjectConfigurationPlatforms) = postSolution
		{A8319596-733A-4EA4-80D0-1997D4420116}.Debug|Any CPU.ActiveCfg = Debug|Any CPU
		{A8319596-733A-4EA4-80D0-1997D4420116}.Debug|Any CPU.Build.0 = Debug|Any CPU
		{A8319596-733A-4EA4-80D0-1997D4420116}.Release|Any CPU.ActiveCfg = Release|Any CPU
		{A8319596-733A-4EA4-80D0-1997D4420116}.Release|Any CPU.Build.0 = Release|Any CPU
	EndGlobalSection
	GlobalSection(SolutionProperties) = preSolution
		HideSolutionNode = FALSE
	EndGlobalSection
	GlobalSection(ExtensibilityGlobals) = postSolution
		SolutionGuid = {869E3F7E-7842-4F56-991A-084B4872CB2C}
	EndGlobalSection
EndGlobal
